
Microsoft Visual Studio Solution File, Format Version 12.00
# Visual Studio 15
VisualStudioVersion = 15.0.28307.1022
MinimumVisualStudioVersion = 10.0.40219.1
Project("{FAE04EC0-301F-11D3-BF4B-00C04F79EFBC}") = "ThreadSignaling", "ThreadSignaling\ThreadSignaling.csproj", "{4800F27C-77EF-41F1-8548-089FD2C637C5}"
EndProject
Global
	GlobalSection(SolutionConfigurationPlatforms) = preSolution
		Debug|Any CPU = Debug|Any CPU
		Release|Any CPU = Release|Any CPU
	EndGlobalSection
	GlobalSection(ProjectConfigurationPlatforms) = postSolution
		{4800F27C-77EF-41F1-8548-089FD2C637C5}.Debug|Any CPU.ActiveCfg = Debug|Any CPU
		{4800F27C-77EF-41F1-8548-089FD2C637C5}.Debug|Any CPU.Build.0 = Debug|Any CPU
		{4800F27C-77EF-41F1-8548-089FD2C637C5}.Release|Any CPU.ActiveCfg = Release|Any CPU
		{4800F27C-77EF-41F1-8548-089FD2C637C5}.Release|Any CPU.Build.0 = Release|Any CPU
	EndGlobalSection
	GlobalSection(SolutionProperties) = preSolution
		HideSolutionNode = FALSE
	EndGlobalSection
	GlobalSection(ExtensibilityGlobals) = postSolution
		SolutionGuid = {958BE5CE-4162-4AF1-9E1B-AE8325BE3353}
	EndGlobalSection
EndGlobal
